// !$*UTF8*$!
{
	archiveVersion = 1;
	classes = {
	};
	objectVersion = 46;
	objects = {

/* Begin PBXBuildFile section */
		1D89D632AE11D9CD42D7A911 /* libPods.a in Frameworks */ = {isa = PBXBuildFile; fileRef = EA323176812B524107A8FC5B /* libPods.a */; };
		472CD5191CC8EFF000E6F0BC /* KeychainItemWrapper.m in Sources */ = {isa = PBXBuildFile; fileRef = 472CD5181CC8EFF000E6F0BC /* KeychainItemWrapper.m */; };
		4748BB811CCE311800E528BC /* UIBundle.bundle in Resources */ = {isa = PBXBuildFile; fileRef = 4748BB801CCE311800E528BC /* UIBundle.bundle */; };
		47816DF21CCA9DF70033038D /* HLSTestViewController.m in Sources */ = {isa = PBXBuildFile; fileRef = 47816DF11CCA9DF70033038D /* HLSTestViewController.m */; };
		4797756B1CCF00E0008CC591 /* myData.plist in Resources */ = {isa = PBXBuildFile; fileRef = 4797756A1CCF00E0008CC591 /* myData.plist */; };
		4797756F1CCF433C008CC591 /* SandBoxTableViewCell.m in Sources */ = {isa = PBXBuildFile; fileRef = 4797756D1CCF433C008CC591 /* SandBoxTableViewCell.m */; };
		479775701CCF433C008CC591 /* SandBoxTableViewCell.xib in Resources */ = {isa = PBXBuildFile; fileRef = 4797756E1CCF433C008CC591 /* SandBoxTableViewCell.xib */; };
		47A113D51CC9F9E200BAD96A /* MyTableViewControllerTest_01.m in Sources */ = {isa = PBXBuildFile; fileRef = 47A113D41CC9F9E200BAD96A /* MyTableViewControllerTest_01.m */; };
		47B2FDE61CD08F48000009DF /* AVFoundation.framework in Frameworks */ = {isa = PBXBuildFile; fileRef = 47B2FDE51CD08F48000009DF /* AVFoundation.framework */; };
		47B2FDE81CD08F52000009DF /* AVKit.framework in Frameworks */ = {isa = PBXBuildFile; fileRef = 47B2FDE71CD08F52000009DF /* AVKit.framework */; };
		47B2FDEB1CD08FAD000009DF /* THCameraController.m in Sources */ = {isa = PBXBuildFile; fileRef = 47B2FDEA1CD08FAD000009DF /* THCameraController.m */; };
		47C97CB61CEC0E9300C0237D /* image.png in Resources */ = {isa = PBXBuildFile; fileRef = 47C97CB21CEC0E9300C0237D /* image.png */; };
		47C97CB71CEC0E9300C0237D /* index1.css in Resources */ = {isa = PBXBuildFile; fileRef = 47C97CB31CEC0E9300C0237D /* index1.css */; };
		47C97CB81CEC0E9300C0237D /* index1.html in Resources */ = {isa = PBXBuildFile; fileRef = 47C97CB41CEC0E9300C0237D /* index1.html */; };
		47C97CB91CEC0E9300C0237D /* index1.js in Resources */ = {isa = PBXBuildFile; fileRef = 47C97CB51CEC0E9300C0237D /* index1.js */; };
		47E111C01CB74A0800BCC6D3 /* main.m in Sources */ = {isa = PBXBuildFile; fileRef = 47E111BF1CB74A0800BCC6D3 /* main.m */; };
		47E111C31CB74A0800BCC6D3 /* AppDelegate.m in Sources */ = {isa = PBXBuildFile; fileRef = 47E111C21CB74A0800BCC6D3 /* AppDelegate.m */; };
		47E111C61CB74A0800BCC6D3 /* ViewController.m in Sources */ = {isa = PBXBuildFile; fileRef = 47E111C51CB74A0800BCC6D3 /* ViewController.m */; };
		47E111C91CB74A0800BCC6D3 /* Main.storyboard in Resources */ = {isa = PBXBuildFile; fileRef = 47E111C71CB74A0800BCC6D3 /* Main.storyboard */; };
		47E111CB1CB74A0800BCC6D3 /* Assets.xcassets in Resources */ = {isa = PBXBuildFile; fileRef = 47E111CA1CB74A0800BCC6D3 /* Assets.xcassets */; };
		47E111CE1CB74A0800BCC6D3 /* LaunchScreen.storyboard in Resources */ = {isa = PBXBuildFile; fileRef = 47E111CC1CB74A0800BCC6D3 /* LaunchScreen.storyboard */; };
		47E111D91CB74A0800BCC6D3 /* SandBoxOfMyCodeTests.m in Sources */ = {isa = PBXBuildFile; fileRef = 47E111D81CB74A0800BCC6D3 /* SandBoxOfMyCodeTests.m */; };
		47E111E41CB74A0800BCC6D3 /* SandBoxOfMyCodeUITests.m in Sources */ = {isa = PBXBuildFile; fileRef = 47E111E31CB74A0800BCC6D3 /* SandBoxOfMyCodeUITests.m */; };
/* End PBXBuildFile section */

/* Begin PBXContainerItemProxy section */
		47E111D51CB74A0800BCC6D3 /* PBXContainerItemProxy */ = {
			isa = PBXContainerItemProxy;
			containerPortal = 47E111B31CB74A0800BCC6D3 /* Project object */;
			proxyType = 1;
			remoteGlobalIDString = 47E111BA1CB74A0800BCC6D3;
			remoteInfo = SandBoxOfMyCode;
		};
		47E111E01CB74A0800BCC6D3 /* PBXContainerItemProxy */ = {
			isa = PBXContainerItemProxy;
			containerPortal = 47E111B31CB74A0800BCC6D3 /* Project object */;
			proxyType = 1;
			remoteGlobalIDString = 47E111BA1CB74A0800BCC6D3;
			remoteInfo = SandBoxOfMyCode;
		};
/* End PBXContainerItemProxy section */

/* Begin PBXFileReference section */
		472CD5171CC8EFF000E6F0BC /* KeychainItemWrapper.h */ = {isa = PBXFileReference; fileEncoding = 4; lastKnownFileType = sourcecode.c.h; path = KeychainItemWrapper.h; sourceTree = "<group>"; };
		472CD5181CC8EFF000E6F0BC /* KeychainItemWrapper.m */ = {isa = PBXFileReference; fileEncoding = 4; lastKnownFileType = sourcecode.c.objc; path = KeychainItemWrapper.m; sourceTree = "<group>"; };
		4748BB801CCE311800E528BC /* UIBundle.bundle */ = {isa = PBXFileReference; lastKnownFileType = "wrapper.plug-in"; path = UIBundle.bundle; sourceTree = "<group>"; };
		47816DF01CCA9DF70033038D /* HLSTestViewController.h */ = {isa = PBXFileReference; fileEncoding = 4; lastKnownFileType = sourcecode.c.h; path = HLSTestViewController.h; sourceTree = "<group>"; };
		47816DF11CCA9DF70033038D /* HLSTestViewController.m */ = {isa = PBXFileReference; fileEncoding = 4; lastKnownFileType = sourcecode.c.objc; path = HLSTestViewController.m; sourceTree = "<group>"; };
		4797756A1CCF00E0008CC591 /* myData.plist */ = {isa = PBXFileReference; fileEncoding = 4; lastKnownFileType = text.plist.xml; path = myData.plist; sourceTree = "<group>"; };
		4797756C1CCF433C008CC591 /* SandBoxTableViewCell.h */ = {isa = PBXFileReference; fileEncoding = 4; lastKnownFileType = sourcecode.c.h; path = SandBoxTableViewCell.h; sourceTree = "<group>"; };
		4797756D1CCF433C008CC591 /* SandBoxTableViewCell.m */ = {isa = PBXFileReference; fileEncoding = 4; lastKnownFileType = sourcecode.c.objc; path = SandBoxTableViewCell.m; sourceTree = "<group>"; };
		4797756E1CCF433C008CC591 /* SandBoxTableViewCell.xib */ = {isa = PBXFileReference; fileEncoding = 4; lastKnownFileType = file.xib; path = SandBoxTableViewCell.xib; sourceTree = "<group>"; };
		47A113D31CC9F9E200BAD96A /* MyTableViewControllerTest_01.h */ = {isa = PBXFileReference; fileEncoding = 4; lastKnownFileType = sourcecode.c.h; path = MyTableViewControllerTest_01.h; sourceTree = "<group>"; };
		47A113D41CC9F9E200BAD96A /* MyTableViewControllerTest_01.m */ = {isa = PBXFileReference; fileEncoding = 4; lastKnownFileType = sourcecode.c.objc; path = MyTableViewControllerTest_01.m; sourceTree = "<group>"; };
		47B2FDE51CD08F48000009DF /* AVFoundation.framework */ = {isa = PBXFileReference; lastKnownFileType = wrapper.framework; name = AVFoundation.framework; path = System/Library/Frameworks/AVFoundation.framework; sourceTree = SDKROOT; };
		47B2FDE71CD08F52000009DF /* AVKit.framework */ = {isa = PBXFileReference; lastKnownFileType = wrapper.framework; name = AVKit.framework; path = System/Library/Frameworks/AVKit.framework; sourceTree = SDKROOT; };
		47B2FDE91CD08FAD000009DF /* THCameraController.h */ = {isa = PBXFileReference; fileEncoding = 4; lastKnownFileType = sourcecode.c.h; path = THCameraController.h; sourceTree = "<group>"; };
		47B2FDEA1CD08FAD000009DF /* THCameraController.m */ = {isa = PBXFileReference; fileEncoding = 4; lastKnownFileType = sourcecode.c.objc; path = THCameraController.m; sourceTree = "<group>"; };
		47C97CB21CEC0E9300C0237D /* image.png */ = {isa = PBXFileReference; lastKnownFileType = image.png; path = image.png; sourceTree = "<group>"; };
		47C97CB31CEC0E9300C0237D /* index1.css */ = {isa = PBXFileReference; fileEncoding = 4; lastKnownFileType = text.css; path = index1.css; sourceTree = "<group>"; };
		47C97CB41CEC0E9300C0237D /* index1.html */ = {isa = PBXFileReference; fileEncoding = 4; lastKnownFileType = text.html; path = index1.html; sourceTree = "<group>"; };
		47C97CB51CEC0E9300C0237D /* index1.js */ = {isa = PBXFileReference; fileEncoding = 4; lastKnownFileType = sourcecode.javascript; path = index1.js; sourceTree = "<group>"; };
		47E111BB1CB74A0800BCC6D3 /* SandBoxOfMyCode.app */ = {isa = PBXFileReference; explicitFileType = wrapper.application; includeInIndex = 0; path = SandBoxOfMyCode.app; sourceTree = BUILT_PRODUCTS_DIR; };
		47E111BF1CB74A0800BCC6D3 /* main.m */ = {isa = PBXFileReference; lastKnownFileType = sourcecode.c.objc; path = main.m; sourceTree = "<group>"; };
		47E111C11CB74A0800BCC6D3 /* AppDelegate.h */ = {isa = PBXFileReference; lastKnownFileType = sourcecode.c.h; path = AppDelegate.h; sourceTree = "<group>"; };
		47E111C21CB74A0800BCC6D3 /* AppDelegate.m */ = {isa = PBXFileReference; lastKnownFileType = sourcecode.c.objc; path = AppDelegate.m; sourceTree = "<group>"; };
		47E111C41CB74A0800BCC6D3 /* ViewController.h */ = {isa = PBXFileReference; lastKnownFileType = sourcecode.c.h; path = ViewController.h; sourceTree = "<group>"; };
		47E111C51CB74A0800BCC6D3 /* ViewController.m */ = {isa = PBXFileReference; lastKnownFileType = sourcecode.c.objc; path = ViewController.m; sourceTree = "<group>"; };
		47E111C81CB74A0800BCC6D3 /* Base */ = {isa = PBXFileReference; lastKnownFileType = file.storyboard; name = Base; path = Base.lproj/Main.storyboard; sourceTree = "<group>"; };
		47E111CA1CB74A0800BCC6D3 /* Assets.xcassets */ = {isa = PBXFileReference; lastKnownFileType = folder.assetcatalog; path = Assets.xcassets; sourceTree = "<group>"; };
		47E111CD1CB74A0800BCC6D3 /* Base */ = {isa = PBXFileReference; lastKnownFileType = file.storyboard; name = Base; path = Base.lproj/LaunchScreen.storyboard; sourceTree = "<group>"; };
		47E111CF1CB74A0800BCC6D3 /* Info.plist */ = {isa = PBXFileReference; lastKnownFileType = text.plist.xml; path = Info.plist; sourceTree = "<group>"; };
		47E111D41CB74A0800BCC6D3 /* SandBoxOfMyCodeTests.xctest */ = {isa = PBXFileReference; explicitFileType = wrapper.cfbundle; includeInIndex = 0; path = SandBoxOfMyCodeTests.xctest; sourceTree = BUILT_PRODUCTS_DIR; };
		47E111D81CB74A0800BCC6D3 /* SandBoxOfMyCodeTests.m */ = {isa = PBXFileReference; lastKnownFileType = sourcecode.c.objc; path = SandBoxOfMyCodeTests.m; sourceTree = "<group>"; };
		47E111DA1CB74A0800BCC6D3 /* Info.plist */ = {isa = PBXFileReference; lastKnownFileType = text.plist.xml; path = Info.plist; sourceTree = "<group>"; };
		47E111DF1CB74A0800BCC6D3 /* SandBoxOfMyCodeUITests.xctest */ = {isa = PBXFileReference; explicitFileType = wrapper.cfbundle; includeInIndex = 0; path = SandBoxOfMyCodeUITests.xctest; sourceTree = BUILT_PRODUCTS_DIR; };
		47E111E31CB74A0800BCC6D3 /* SandBoxOfMyCodeUITests.m */ = {isa = PBXFileReference; lastKnownFileType = sourcecode.c.objc; path = SandBoxOfMyCodeUITests.m; sourceTree = "<group>"; };
		47E111E51CB74A0800BCC6D3 /* Info.plist */ = {isa = PBXFileReference; lastKnownFileType = text.plist.xml; path = Info.plist; sourceTree = "<group>"; };
		B071A7E0813F019D99F5B495 /* Pods.debug.xcconfig */ = {isa = PBXFileReference; includeInIndex = 1; lastKnownFileType = text.xcconfig; name = Pods.debug.xcconfig; path = "Pods/Target Support Files/Pods/Pods.debug.xcconfig"; sourceTree = "<group>"; };
		EA323176812B524107A8FC5B /* libPods.a */ = {isa = PBXFileReference; explicitFileType = archive.ar; includeInIndex = 0; path = libPods.a; sourceTree = BUILT_PRODUCTS_DIR; };
		F55B013D92A2693555BBBCD4 /* Pods.release.xcconfig */ = {isa = PBXFileReference; includeInIndex = 1; lastKnownFileType = text.xcconfig; name = Pods.release.xcconfig; path = "Pods/Target Support Files/Pods/Pods.release.xcconfig"; sourceTree = "<group>"; };
/* End PBXFileReference section */

/* Begin PBXFrameworksBuildPhase section */
		47E111B81CB74A0800BCC6D3 /* Frameworks */ = {
			isa = PBXFrameworksBuildPhase;
			buildActionMask = 2147483647;
			files = (
				47B2FDE81CD08F52000009DF /* AVKit.framework in Frameworks */,
				47B2FDE61CD08F48000009DF /* AVFoundation.framework in Frameworks */,
				1D89D632AE11D9CD42D7A911 /* libPods.a in Frameworks */,
			);
			runOnlyForDeploymentPostprocessing = 0;
		};
		47E111D11CB74A0800BCC6D3 /* Frameworks */ = {
			isa = PBXFrameworksBuildPhase;
			buildActionMask = 2147483647;
			files = (
			);
			runOnlyForDeploymentPostprocessing = 0;
		};
		47E111DC1CB74A0800BCC6D3 /* Frameworks */ = {
			isa = PBXFrameworksBuildPhase;
			buildActionMask = 2147483647;
			files = (
			);
			runOnlyForDeploymentPostprocessing = 0;
		};
/* End PBXFrameworksBuildPhase section */

/* Begin PBXGroup section */
		47C97CB11CEC0E9300C0237D /* webeg */ = {
			isa = PBXGroup;
			children = (
				47C97CB21CEC0E9300C0237D /* image.png */,
				47C97CB31CEC0E9300C0237D /* index1.css */,
				47C97CB41CEC0E9300C0237D /* index1.html */,
				47C97CB51CEC0E9300C0237D /* index1.js */,
			);
			path = webeg;
			sourceTree = "<group>";
		};
		47E111B21CB74A0800BCC6D3 = {
			isa = PBXGroup;
			children = (
				47E111BD1CB74A0800BCC6D3 /* SandBoxOfMyCode */,
				47E111D71CB74A0800BCC6D3 /* SandBoxOfMyCodeTests */,
				47E111E21CB74A0800BCC6D3 /* SandBoxOfMyCodeUITests */,
				47E111BC1CB74A0800BCC6D3 /* Products */,
				FEF50D5CC0DE79D0EDB642B5 /* Pods */,
				BB4FF5D3D92760383B2459F0 /* Frameworks */,
			);
			sourceTree = "<group>";
		};
		47E111BC1CB74A0800BCC6D3 /* Products */ = {
			isa = PBXGroup;
			children = (
				47E111BB1CB74A0800BCC6D3 /* SandBoxOfMyCode.app */,
				47E111D41CB74A0800BCC6D3 /* SandBoxOfMyCodeTests.xctest */,
				47E111DF1CB74A0800BCC6D3 /* SandBoxOfMyCodeUITests.xctest */,
			);
			name = Products;
			sourceTree = "<group>";
		};
		47E111BD1CB74A0800BCC6D3 /* SandBoxOfMyCode */ = {
			isa = PBXGroup;
			children = (
				47C97CB11CEC0E9300C0237D /* webeg */,
				4748BB801CCE311800E528BC /* UIBundle.bundle */,
				472CD5171CC8EFF000E6F0BC /* KeychainItemWrapper.h */,
				472CD5181CC8EFF000E6F0BC /* KeychainItemWrapper.m */,
				47E111C11CB74A0800BCC6D3 /* AppDelegate.h */,
				47E111C21CB74A0800BCC6D3 /* AppDelegate.m */,
				47B2FDE91CD08FAD000009DF /* THCameraController.h */,
				47B2FDEA1CD08FAD000009DF /* THCameraController.m */,
				47E111C41CB74A0800BCC6D3 /* ViewController.h */,
				47E111C51CB74A0800BCC6D3 /* ViewController.m */,
				47A113D31CC9F9E200BAD96A /* MyTableViewControllerTest_01.h */,
				47A113D41CC9F9E200BAD96A /* MyTableViewControllerTest_01.m */,
				4797756C1CCF433C008CC591 /* SandBoxTableViewCell.h */,
				4797756D1CCF433C008CC591 /* SandBoxTableViewCell.m */,
				4797756E1CCF433C008CC591 /* SandBoxTableViewCell.xib */,
				47816DF01CCA9DF70033038D /* HLSTestViewController.h */,
				47816DF11CCA9DF70033038D /* HLSTestViewController.m */,
				4797756A1CCF00E0008CC591 /* myData.plist */,
				47E111C71CB74A0800BCC6D3 /* Main.storyboard */,
				47E111CA1CB74A0800BCC6D3 /* Assets.xcassets */,
				47E111CC1CB74A0800BCC6D3 /* LaunchScreen.storyboard */,
				47E111CF1CB74A0800BCC6D3 /* Info.plist */,
				47E111BE1CB74A0800BCC6D3 /* Supporting Files */,
			);
			path = SandBoxOfMyCode;
			sourceTree = "<group>";
		};
		47E111BE1CB74A0800BCC6D3 /* Supporting Files */ = {
			isa = PBXGroup;
			children = (
				47E111BF1CB74A0800BCC6D3 /* main.m */,
			);
			name = "Supporting Files";
			sourceTree = "<group>";
		};
		47E111D71CB74A0800BCC6D3 /* SandBoxOfMyCodeTests */ = {
			isa = PBXGroup;
			children = (
				47E111D81CB74A0800BCC6D3 /* SandBoxOfMyCodeTests.m */,
				47E111DA1CB74A0800BCC6D3 /* Info.plist */,
			);
			path = SandBoxOfMyCodeTests;
			sourceTree = "<group>";
		};
		47E111E21CB74A0800BCC6D3 /* SandBoxOfMyCodeUITests */ = {
			isa = PBXGroup;
			children = (
				47E111E31CB74A0800BCC6D3 /* SandBoxOfMyCodeUITests.m */,
				47E111E51CB74A0800BCC6D3 /* Info.plist */,
			);
			path = SandBoxOfMyCodeUITests;
			sourceTree = "<group>";
		};
		BB4FF5D3D92760383B2459F0 /* Frameworks */ = {
			isa = PBXGroup;
			children = (
				47B2FDE71CD08F52000009DF /* AVKit.framework */,
				47B2FDE51CD08F48000009DF /* AVFoundation.framework */,
				EA323176812B524107A8FC5B /* libPods.a */,
			);
			name = Frameworks;
			sourceTree = "<group>";
		};
		FEF50D5CC0DE79D0EDB642B5 /* Pods */ = {
			isa = PBXGroup;
			children = (
				B071A7E0813F019D99F5B495 /* Pods.debug.xcconfig */,
				F55B013D92A2693555BBBCD4 /* Pods.release.xcconfig */,
			);
			name = Pods;
			sourceTree = "<group>";
		};
/* End PBXGroup section */

/* Begin PBXNativeTarget section */
		47E111BA1CB74A0800BCC6D3 /* SandBoxOfMyCode */ = {
			isa = PBXNativeTarget;
			buildConfigurationList = 47E111E81CB74A0800BCC6D3 /* Build configuration list for PBXNativeTarget "SandBoxOfMyCode" */;
			buildPhases = (
				D97F0D7DAC431141FD1E1E3E /* Check Pods Manifest.lock */,
				47E111B71CB74A0800BCC6D3 /* Sources */,
				47E111B81CB74A0800BCC6D3 /* Frameworks */,
				47E111B91CB74A0800BCC6D3 /* Resources */,
				E8CE1C9379A6207B2A9ABF12 /* Embed Pods Frameworks */,
				871092A875E10C6F499B50BA /* Copy Pods Resources */,
			);
			buildRules = (
			);
			dependencies = (
			);
			name = SandBoxOfMyCode;
			productName = SandBoxOfMyCode;
			productReference = 47E111BB1CB74A0800BCC6D3 /* SandBoxOfMyCode.app */;
			productType = "com.apple.product-type.application";
		};
		47E111D31CB74A0800BCC6D3 /* SandBoxOfMyCodeTests */ = {
			isa = PBXNativeTarget;
			buildConfigurationList = 47E111EB1CB74A0800BCC6D3 /* Build configuration list for PBXNativeTarget "SandBoxOfMyCodeTests" */;
			buildPhases = (
				47E111D01CB74A0800BCC6D3 /* Sources */,
				47E111D11CB74A0800BCC6D3 /* Frameworks */,
				47E111D21CB74A0800BCC6D3 /* Resources */,
			);
			buildRules = (
			);
			dependencies = (
				47E111D61CB74A0800BCC6D3 /* PBXTargetDependency */,
			);
			name = SandBoxOfMyCodeTests;
			productName = SandBoxOfMyCodeTests;
			productReference = 47E111D41CB74A0800BCC6D3 /* SandBoxOfMyCodeTests.xctest */;
			productType = "com.apple.product-type.bundle.unit-test";
		};
		47E111DE1CB74A0800BCC6D3 /* SandBoxOfMyCodeUITests */ = {
			isa = PBXNativeTarget;
			buildConfigurationList = 47E111EE1CB74A0800BCC6D3 /* Build configuration list for PBXNativeTarget "SandBoxOfMyCodeUITests" */;
			buildPhases = (
				47E111DB1CB74A0800BCC6D3 /* Sources */,
				47E111DC1CB74A0800BCC6D3 /* Frameworks */,
				47E111DD1CB74A0800BCC6D3 /* Resources */,
			);
			buildRules = (
			);
			dependencies = (
				47E111E11CB74A0800BCC6D3 /* PBXTargetDependency */,
			);
			name = SandBoxOfMyCodeUITests;
			productName = SandBoxOfMyCodeUITests;
			productReference = 47E111DF1CB74A0800BCC6D3 /* SandBoxOfMyCodeUITests.xctest */;
			productType = "com.apple.product-type.bundle.ui-testing";
		};
/* End PBXNativeTarget section */

/* Begin PBXProject section */
		47E111B31CB74A0800BCC6D3 /* Project object */ = {
			isa = PBXProject;
			attributes = {
				LastUpgradeCheck = 0730;
				ORGANIZATIONNAME = chenxingwang;
				TargetAttributes = {
					47E111BA1CB74A0800BCC6D3 = {
						CreatedOnToolsVersion = 7.3;
					};
					47E111D31CB74A0800BCC6D3 = {
						CreatedOnToolsVersion = 7.3;
						TestTargetID = 47E111BA1CB74A0800BCC6D3;
					};
					47E111DE1CB74A0800BCC6D3 = {
						CreatedOnToolsVersion = 7.3;
						TestTargetID = 47E111BA1CB74A0800BCC6D3;
					};
				};
			};
			buildConfigurationList = 47E111B61CB74A0800BCC6D3 /* Build configuration list for PBXProject "SandBoxOfMyCode" */;
			compatibilityVersion = "Xcode 3.2";
			developmentRegion = English;
			hasScannedForEncodings = 0;
			knownRegions = (
				en,
				Base,
			);
			mainGroup = 47E111B21CB74A0800BCC6D3;
			productRefGroup = 47E111BC1CB74A0800BCC6D3 /* Products */;
			projectDirPath = "";
			projectRoot = "";
			targets = (
				47E111BA1CB74A0800BCC6D3 /* SandBoxOfMyCode */,
				47E111D31CB74A0800BCC6D3 /* SandBoxOfMyCodeTests */,
				47E111DE1CB74A0800BCC6D3 /* SandBoxOfMyCodeUITests */,
			);
		};
/* End PBXProject section */

/* Begin PBXResourcesBuildPhase section */
		47E111B91CB74A0800BCC6D3 /* Resources */ = {
			isa = PBXResourcesBuildPhase;
			buildActionMask = 2147483647;
			files = (
				4797756B1CCF00E0008CC591 /* myData.plist in Resources */,
				479775701CCF433C008CC591 /* SandBoxTableViewCell.xib in Resources */,
				47C97CB71CEC0E9300C0237D /* index1.css in Resources */,
				47C97CB91CEC0E9300C0237D /* index1.js in Resources */,
				47E111CE1CB74A0800BCC6D3 /* LaunchScreen.storyboard in Resources */,
				47E111CB1CB74A0800BCC6D3 /* Assets.xcassets in Resources */,
				47C97CB61CEC0E9300C0237D /* image.png in Resources */,
				47E111C91CB74A0800BCC6D3 /* Main.storyboard in Resources */,
				4748BB811CCE311800E528BC /* UIBundle.bundle in Resources */,
				47C97CB81CEC0E9300C0237D /* index1.html in Resources */,
			);
			runOnlyForDeploymentPostprocessing = 0;
		};
		47E111D21CB74A0800BCC6D3 /* Resources */ = {
			isa = PBXResourcesBuildPhase;
			buildActionMask = 2147483647;
			files = (
			);
			runOnlyForDeploymentPostprocessing = 0;
		};
		47E111DD1CB74A0800BCC6D3 /* Resources */ = {
			isa = PBXResourcesBuildPhase;
			buildActionMask = 2147483647;
			files = (
			);
			runOnlyForDeploymentPostprocessing = 0;
		};
/* End PBXResourcesBuildPhase section */

/* Begin PBXShellScriptBuildPhase section */
		871092A875E10C6F499B50BA /* Copy Pods Resources */ = {
			isa = PBXShellScriptBuildPhase;
			buildActionMask = 2147483647;
			files = (
			);
			inputPaths = (
			);
			name = "Copy Pods Resources";
			outputPaths = (
			);
			runOnlyForDeploymentPostprocessing = 0;
			shellPath = /bin/sh;
			shellScript = "\"${SRCROOT}/Pods/Target Support Files/Pods/Pods-resources.sh\"\n";
			showEnvVarsInLog = 0;
		};
		D97F0D7DAC431141FD1E1E3E /* Check Pods Manifest.lock */ = {
			isa = PBXShellScriptBuildPhase;
			buildActionMask = 2147483647;
			files = (
			);
			inputPaths = (
			);
			name = "Check Pods Manifest.lock";
			outputPaths = (
			);
			runOnlyForDeploymentPostprocessing = 0;
			shellPath = /bin/sh;
			shellScript = "diff \"${PODS_ROOT}/../Podfile.lock\" \"${PODS_ROOT}/Manifest.lock\" > /dev/null\nif [[ $? != 0 ]] ; then\n    cat << EOM\nerror: The sandbox is not in sync with the Podfile.lock. Run 'pod install' or update your CocoaPods installation.\nEOM\n    exit 1\nfi\n";
			showEnvVarsInLog = 0;
		};
		E8CE1C9379A6207B2A9ABF12 /* Embed Pods Frameworks */ = {
			isa = PBXShellScriptBuildPhase;
			buildActionMask = 2147483647;
			files = (
			);
			inputPaths = (
			);
			name = "Embed Pods Frameworks";
			outputPaths = (
			);
			runOnlyForDeploymentPostprocessing = 0;
			shellPath = /bin/sh;
			shellScript = "\"${SRCROOT}/Pods/Target Support Files/Pods/Pods-frameworks.sh\"\n";
			showEnvVarsInLog = 0;
		};
/* End PBXShellScriptBuildPhase section */

/* Begin PBXSourcesBuildPhase section */
		47E111B71CB74A0800BCC6D3 /* Sources */ = {
			isa = PBXSourcesBuildPhase;
			buildActionMask = 2147483647;
			files = (
				47B2FDEB1CD08FAD000009DF /* THCameraController.m in Sources */,
				47816DF21CCA9DF70033038D /* HLSTestViewController.m in Sources */,
				4797756F1CCF433C008CC591 /* SandBoxTableViewCell.m in Sources */,
				472CD5191CC8EFF000E6F0BC /* KeychainItemWrapper.m in Sources */,
				47E111C61CB74A0800BCC6D3 /* ViewController.m in Sources */,
				47A113D51CC9F9E200BAD96A /* MyTableViewControllerTest_01.m in Sources */,
				47E111C31CB74A0800BCC6D3 /* AppDelegate.m in Sources */,
				47E111C01CB74A0800BCC6D3 /* main.m in Sources */,
			);
			runOnlyForDeploymentPostprocessing = 0;
		};
		47E111D01CB74A0800BCC6D3 /* Sources */ = {
			isa = PBXSourcesBuildPhase;
			buildActionMask = 2147483647;
			files = (
				47E111D91CB74A0800BCC6D3 /* SandBoxOfMyCodeTests.m in Sources */,
			);
			runOnlyForDeploymentPostprocessing = 0;
		};
		47E111DB1CB74A0800BCC6D3 /* Sources */ = {
			isa = PBXSourcesBuildPhase;
			buildActionMask = 2147483647;
			files = (
				47E111E41CB74A0800BCC6D3 /* SandBoxOfMyCodeUITests.m in Sources */,
			);
			runOnlyForDeploymentPostprocessing = 0;
		};
/* End PBXSourcesBuildPhase section */

/* Begin PBXTargetDependency section */
		47E111D61CB74A0800BCC6D3 /* PBXTargetDependency */ = {
			isa = PBXTargetDependency;
			target = 47E111BA1CB74A0800BCC6D3 /* SandBoxOfMyCode */;
			targetProxy = 47E111D51CB74A0800BCC6D3 /* PBXContainerItemProxy */;
		};
		47E111E11CB74A0800BCC6D3 /* PBXTargetDependency */ = {
			isa = PBXTargetDependency;
			target = 47E111BA1CB74A0800BCC6D3 /* SandBoxOfMyCode */;
			targetProxy = 47E111E01CB74A0800BCC6D3 /* PBXContainerItemProxy */;
		};
/* End PBXTargetDependency section */

/* Begin PBXVariantGroup section */
		47E111C71CB74A0800BCC6D3 /* Main.storyboard */ = {
			isa = PBXVariantGroup;
			children = (
				47E111C81CB74A0800BCC6D3 /* Base */,
			);
			name = Main.storyboard;
			sourceTree = "<group>";
		};
		47E111CC1CB74A0800BCC6D3 /* LaunchScreen.storyboard */ = {
			isa = PBXVariantGroup;
			children = (
				47E111CD1CB74A0800BCC6D3 /* Base */,
			);
			name = LaunchScreen.storyboard;
			sourceTree = "<group>";
		};
/* End PBXVariantGroup section */

/* Begin XCBuildConfiguration section */
		47E111E61CB74A0800BCC6D3 /* Debug */ = {
			isa = XCBuildConfiguration;
			buildSettings = {
				ALWAYS_SEARCH_USER_PATHS = NO;
				CLANG_ANALYZER_NONNULL = YES;
				CLANG_CXX_LANGUAGE_STANDARD = "gnu++0x";
				CLANG_CXX_LIBRARY = "libc++";
				CLANG_ENABLE_MODULES = YES;
				CLANG_ENABLE_OBJC_ARC = YES;
				CLANG_WARN_BOOL_CONVERSION = YES;
				CLANG_WARN_CONSTANT_CONVERSION = YES;
				CLANG_WARN_DIRECT_OBJC_ISA_USAGE = YES_ERROR;
				CLANG_WARN_EMPTY_BODY = YES;
				CLANG_WARN_ENUM_CONVERSION = YES;
				CLANG_WARN_INT_CONVERSION = YES;
				CLANG_WARN_OBJC_ROOT_CLASS = YES_ERROR;
				CLANG_WARN_UNREACHABLE_CODE = YES;
				CLANG_WARN__DUPLICATE_METHOD_MATCH = YES;
				CODE_SIGN_IDENTITY = "iPhone Distribution: hong zhang (H7H7Y2798B)";
				"CODE_SIGN_IDENTITY[sdk=iphoneos*]" = "iPhone Developer: hong zhang (5R7C7WM96A)";
				COPY_PHASE_STRIP = NO;
				DEBUG_INFORMATION_FORMAT = dwarf;
				ENABLE_STRICT_OBJC_MSGSEND = YES;
				ENABLE_TESTABILITY = YES;
				GCC_C_LANGUAGE_STANDARD = gnu99;
				GCC_DYNAMIC_NO_PIC = NO;
				GCC_NO_COMMON_BLOCKS = YES;
				GCC_OPTIMIZATION_LEVEL = 0;
				GCC_PREPROCESSOR_DEFINITIONS = (
					"DEBUG=1",
					"$(inherited)",
				);
				GCC_WARN_64_TO_32_BIT_CONVERSION = YES;
				GCC_WARN_ABOUT_RETURN_TYPE = YES_ERROR;
				GCC_WARN_UNDECLARED_SELECTOR = YES;
				GCC_WARN_UNINITIALIZED_AUTOS = YES_AGGRESSIVE;
				GCC_WARN_UNUSED_FUNCTION = YES;
				GCC_WARN_UNUSED_VARIABLE = YES;
				IPHONEOS_DEPLOYMENT_TARGET = 7.1;
				MTL_ENABLE_DEBUG_INFO = YES;
				ONLY_ACTIVE_ARCH = YES;
				SDKROOT = iphoneos9.3;
			};
			name = Debug;
		};
		47E111E71CB74A0800BCC6D3 /* Release */ = {
			isa = XCBuildConfiguration;
			buildSettings = {
				ALWAYS_SEARCH_USER_PATHS = NO;
				CLANG_ANALYZER_NONNULL = YES;
				CLANG_CXX_LANGUAGE_STANDARD = "gnu++0x";
				CLANG_CXX_LIBRARY = "libc++";
				CLANG_ENABLE_MODULES = YES;
				CLANG_ENABLE_OBJC_ARC = YES;
				CLANG_WARN_BOOL_CONVERSION = YES;
				CLANG_WARN_CONSTANT_CONVERSION = YES;
				CLANG_WARN_DIRECT_OBJC_ISA_USAGE = YES_ERROR;
				CLANG_WARN_EMPTY_BODY = YES;
				CLANG_WARN_ENUM_CONVERSION = YES;
				CLANG_WARN_INT_CONVERSION = YES;
				CLANG_WARN_OBJC_ROOT_CLASS = YES_ERROR;
				CLANG_WARN_UNREACHABLE_CODE = YES;
				CLANG_WARN__DUPLICATE_METHOD_MATCH = YES;
				CODE_SIGN_IDENTITY = "iPhone Distribution: hong zhang (H7H7Y2798B)";
				"CODE_SIGN_IDENTITY[sdk=iphoneos*]" = "iPhone Distribution: hong zhang (H7H7Y2798B)";
				COPY_PHASE_STRIP = NO;
				DEBUG_INFORMATION_FORMAT = "dwarf-with-dsym";
				ENABLE_NS_ASSERTIONS = NO;
				ENABLE_STRICT_OBJC_MSGSEND = YES;
				GCC_C_LANGUAGE_STANDARD = gnu99;
				GCC_NO_COMMON_BLOCKS = YES;
				GCC_WARN_64_TO_32_BIT_CONVERSION = YES;
				GCC_WARN_ABOUT_RETURN_TYPE = YES_ERROR;
				GCC_WARN_UNDECLARED_SELECTOR = YES;
				GCC_WARN_UNINITIALIZED_AUTOS = YES_AGGRESSIVE;
				GCC_WARN_UNUSED_FUNCTION = YES;
				GCC_WARN_UNUSED_VARIABLE = YES;
				IPHONEOS_DEPLOYMENT_TARGET = 7.1;
				MTL_ENABLE_DEBUG_INFO = NO;
				SDKROOT = iphoneos9.3;
				VALIDATE_PRODUCT = YES;
			};
			name = Release;
		};
		47E111E91CB74A0800BCC6D3 /* Debug */ = {
			isa = XCBuildConfiguration;
			baseConfigurationReference = B071A7E0813F019D99F5B495 /* Pods.debug.xcconfig */;
			buildSettings = {
				ASSETCATALOG_COMPILER_APPICON_NAME = AppIcon;
				CLANG_ENABLE_OBJC_ARC = NO;
				CODE_SIGN_IDENTITY = "iPhone Developer: hong zhang (5R7C7WM96A)";
				INFOPLIST_FILE = SandBoxOfMyCode/Info.plist;
				IPHONEOS_DEPLOYMENT_TARGET = 9.3;
				LD_RUNPATH_SEARCH_PATHS = "$(inherited) @executable_path/Frameworks";
				PRODUCT_BUNDLE_IDENTIFIER = com.papatv.www.SandBoxOfMyCode;
				PRODUCT_NAME = "$(TARGET_NAME)";
			};
			name = Debug;
		};
		47E111EA1CB74A0800BCC6D3 /* Release */ = {
			isa = XCBuildConfiguration;
			baseConfigurationReference = F55B013D92A2693555BBBCD4 /* Pods.release.xcconfig */;
			buildSettings = {
				ASSETCATALOG_COMPILER_APPICON_NAME = AppIcon;
				CLANG_ENABLE_OBJC_ARC = NO;
				CODE_SIGN_IDENTITY = "iPhone Developer: hong zhang (5R7C7WM96A)";
				INFOPLIST_FILE = SandBoxOfMyCode/Info.plist;
				IPHONEOS_DEPLOYMENT_TARGET = 9.3;
				LD_RUNPATH_SEARCH_PATHS = "$(inherited) @executable_path/Frameworks";
				PRODUCT_BUNDLE_IDENTIFIER = com.papatv.www.SandBoxOfMyCode;
				PRODUCT_NAME = "$(TARGET_NAME)";
			};
			name = Release;
		};
		47E111EC1CB74A0800BCC6D3 /* Debug */ = {
			isa = XCBuildConfiguration;
			buildSettings = {
				BUNDLE_LOADER = "$(TEST_HOST)";
				INFOPLIST_FILE = SandBoxOfMyCodeTests/Info.plist;
				LD_RUNPATH_SEARCH_PATHS = "$(inherited) @executable_path/Frameworks @loader_path/Frameworks";
				PRODUCT_BUNDLE_IDENTIFIER = com.papatv.www.SandBoxOfMyCodeTests;
				PRODUCT_NAME = "$(TARGET_NAME)";
				TEST_HOST = "$(BUILT_PRODUCTS_DIR)/SandBoxOfMyCode.app/SandBoxOfMyCode";
			};
			name = Debug;
		};
		47E111ED1CB74A0800BCC6D3 /* Release */ = {
			isa = XCBuildConfiguration;
			buildSettings = {
				BUNDLE_LOADER = "$(TEST_HOST)";
				INFOPLIST_FILE = SandBoxOfMyCodeTests/Info.plist;
				LD_RUNPATH_SEARCH_PATHS = "$(inherited) @executable_path/Frameworks @loader_path/Frameworks";
				PRODUCT_BUNDLE_IDENTIFIER = com.papatv.www.SandBoxOfMyCodeTests;
				PRODUCT_NAME = "$(TARGET_NAME)";
				TEST_HOST = "$(BUILT_PRODUCTS_DIR)/SandBoxOfMyCode.app/SandBoxOfMyCode";
			};
			name = Release;
		};
		47E111EF1CB74A0800BCC6D3 /* Debug */ = {
			isa = XCBuildConfiguration;
			buildSettings = {
				INFOPLIST_FILE = SandBoxOfMyCodeUITests/Info.plist;
				LD_RUNPATH_SEARCH_PATHS = "$(inherited) @executable_path/Frameworks @loader_path/Frameworks";
				PRODUCT_BUNDLE_IDENTIFIER = com.papatv.www.SandBoxOfMyCodeUITests;
				PRODUCT_NAME = "$(TARGET_NAME)";
				TEST_TARGET_NAME = SandBoxOfMyCode;
			};
			name = Debug;
		};
		47E111F01CB74A0800BCC6D3 /* Release */ = {
			isa = XCBuildConfiguration;
			buildSettings = {
				INFOPLIST_FILE = SandBoxOfMyCodeUITests/Info.plist;
				LD_RUNPATH_SEARCH_PATHS = "$(inherited) @executable_path/Frameworks @loader_path/Frameworks";
				PRODUCT_BUNDLE_IDENTIFIER = com.papatv.www.SandBoxOfMyCodeUITests;
				PRODUCT_NAME = "$(TARGET_NAME)";
				TEST_TARGET_NAME = SandBoxOfMyCode;
			};
			name = Release;
		};
/* End XCBuildConfiguration section */

/* Begin XCConfigurationList section */
		47E111B61CB74A0800BCC6D3 /* Build configuration list for PBXProject "SandBoxOfMyCode" */ = {
			isa = XCConfigurationList;
			buildConfigurations = (
				47E111E61CB74A0800BCC6D3 /* Debug */,
				47E111E71CB74A0800BCC6D3 /* Release */,
			);
			defaultConfigurationIsVisible = 0;
			defaultConfigurationName = Release;
		};
		47E111E81CB74A0800BCC6D3 /* Build configuration list for PBXNativeTarget "SandBoxOfMyCode" */ = {
			isa = XCConfigurationList;
			buildConfigurations = (
				47E111E91CB74A0800BCC6D3 /* Debug */,
				47E111EA1CB74A0800BCC6D3 /* Release */,
			);
			defaultConfigurationIsVisible = 0;
			defaultConfigurationName = Release;
		};
		47E111EB1CB74A0800BCC6D3 /* Build configuration list for PBXNativeTarget "SandBoxOfMyCodeTests" */ = {
			isa = XCConfigurationList;
			buildConfigurations = (
				47E111EC1CB74A0800BCC6D3 /* Debug */,
				47E111ED1CB74A0800BCC6D3 /* Release */,
			);
			defaultConfigurationIsVisible = 0;
			defaultConfigurationName = Release;
		};
		47E111EE1CB74A0800BCC6D3 /* Build configuration list for PBXNativeTarget "SandBoxOfMyCodeUITests" */ = {
			isa = XCConfigurationList;
			buildConfigurations = (
				47E111EF1CB74A0800BCC6D3 /* Debug */,
				47E111F01CB74A0800BCC6D3 /* Release */,
			);
			defaultConfigurationIsVisible = 0;
			defaultConfigurationName = Release;
		};
/* End XCConfigurationList section */
	};
	rootObject = 47E111B31CB74A0800BCC6D3 /* Project object */;
}
